// !$*UTF8*$!
{
	archiveVersion = 1;
	classes = {
	};
	objectVersion = 50;
	objects = {

/* Begin PBXBuildFile section */
		1813DA2C241E40C600688BAE /* Swim.swift in Sources */ = {isa = PBXBuildFile; fileRef = 1813DA2B241E40C600688BAE /* Swim.swift */; };
		183223F224294F2E0015BA3D /* RunDetail.swift in Sources */ = {isa = PBXBuildFile; fileRef = 183223F124294F2E0015BA3D /* RunDetail.swift */; };
		186BFC47241A7FDE0035A0DF /* AppDelegate.swift in Sources */ = {isa = PBXBuildFile; fileRef = 186BFC46241A7FDE0035A0DF /* AppDelegate.swift */; };
		186BFC49241A7FDE0035A0DF /* SceneDelegate.swift in Sources */ = {isa = PBXBuildFile; fileRef = 186BFC48241A7FDE0035A0DF /* SceneDelegate.swift */; };
		186BFC4B241A7FDE0035A0DF /* ContentView.swift in Sources */ = {isa = PBXBuildFile; fileRef = 186BFC4A241A7FDE0035A0DF /* ContentView.swift */; };
		186BFC4D241A7FE00035A0DF /* Assets.xcassets in Resources */ = {isa = PBXBuildFile; fileRef = 186BFC4C241A7FE00035A0DF /* Assets.xcassets */; };
		186BFC50241A7FE00035A0DF /* Preview Assets.xcassets in Resources */ = {isa = PBXBuildFile; fileRef = 186BFC4F241A7FE00035A0DF /* Preview Assets.xcassets */; };
		186BFC53241A7FE00035A0DF /* LaunchScreen.storyboard in Resources */ = {isa = PBXBuildFile; fileRef = 186BFC51241A7FE00035A0DF /* LaunchScreen.storyboard */; };
		186BFC5B241A7FFE0035A0DF /* SwimmerView.swift in Sources */ = {isa = PBXBuildFile; fileRef = 186BFC5A241A7FFE0035A0DF /* SwimmerView.swift */; };
		186EDD2C2424208000D4D4BC /* SwimmerDetail.swift in Sources */ = {isa = PBXBuildFile; fileRef = 186EDD2B2424207F00D4D4BC /* SwimmerDetail.swift */; };
		1876271924292DE2001470D9 /* savedView.swift in Sources */ = {isa = PBXBuildFile; fileRef = 1876271824292DE2001470D9 /* savedView.swift */; };
		1876271D24293242001470D9 /* savedDetail.swift in Sources */ = {isa = PBXBuildFile; fileRef = 1876271C24293242001470D9 /* savedDetail.swift */; };
/* End PBXBuildFile section */

/* Begin PBXFileReference section */
		1813DA2B241E40C600688BAE /* Swim.swift */ = {isa = PBXFileReference; fileEncoding = 4; lastKnownFileType = sourcecode.swift; name = Swim.swift; path = "../../../../../Library/Mobile Documents/com~apple~CloudDocs/.Trash/Swim.swift"; sourceTree = "<group>"; };
		183223F124294F2E0015BA3D /* RunDetail.swift */ = {isa = PBXFileReference; lastKnownFileType = sourcecode.swift; path = RunDetail.swift; sourceTree = "<group>"; };
		186BFC43241A7FDE0035A0DF /* CoachTimer.app */ = {isa = PBXFileReference; explicitFileType = wrapper.application; includeInIndex = 0; path = CoachTimer.app; sourceTree = BUILT_PRODUCTS_DIR; };
		186BFC46241A7FDE0035A0DF /* AppDelegate.swift */ = {isa = PBXFileReference; lastKnownFileType = sourcecode.swift; path = AppDelegate.swift; sourceTree = "<group>"; };
		186BFC48241A7FDE0035A0DF /* SceneDelegate.swift */ = {isa = PBXFileReference; lastKnownFileType = sourcecode.swift; path = SceneDelegate.swift; sourceTree = "<group>"; };
		186BFC4A241A7FDE0035A0DF /* ContentView.swift */ = {isa = PBXFileReference; lastKnownFileType = sourcecode.swift; path = ContentView.swift; sourceTree = "<group>"; };
		186BFC4C241A7FE00035A0DF /* Assets.xcassets */ = {isa = PBXFileReference; lastKnownFileType = folder.assetcatalog; path = Assets.xcassets; sourceTree = "<group>"; };
		186BFC4F241A7FE00035A0DF /* Preview Assets.xcassets */ = {isa = PBXFileReference; lastKnownFileType = folder.assetcatalog; path = "Preview Assets.xcassets"; sourceTree = "<group>"; };
		186BFC52241A7FE00035A0DF /* Base */ = {isa = PBXFileReference; lastKnownFileType = file.storyboard; name = Base; path = Base.lproj/LaunchScreen.storyboard; sourceTree = "<group>"; };
		186BFC54241A7FE00035A0DF /* Info.plist */ = {isa = PBXFileReference; lastKnownFileType = text.plist.xml; path = Info.plist; sourceTree = "<group>"; };
		186BFC5A241A7FFE0035A0DF /* SwimmerView.swift */ = {isa = PBXFileReference; lastKnownFileType = sourcecode.swift; path = SwimmerView.swift; sourceTree = "<group>"; };
		186EDD2B2424207F00D4D4BC /* SwimmerDetail.swift */ = {isa = PBXFileReference; lastKnownFileType = sourcecode.swift; path = SwimmerDetail.swift; sourceTree = "<group>"; };
		1876271824292DE2001470D9 /* savedView.swift */ = {isa = PBXFileReference; lastKnownFileType = sourcecode.swift; path = savedView.swift; sourceTree = "<group>"; };
		1876271C24293242001470D9 /* savedDetail.swift */ = {isa = PBXFileReference; lastKnownFileType = sourcecode.swift; path = savedDetail.swift; sourceTree = "<group>"; };
/* End PBXFileReference section */

/* Begin PBXFrameworksBuildPhase section */
		186BFC40241A7FDE0035A0DF /* Frameworks */ = {
			isa = PBXFrameworksBuildPhase;
			buildActionMask = 2147483647;
			files = (
			);
			runOnlyForDeploymentPostprocessing = 0;
		};
/* End PBXFrameworksBuildPhase section */

/* Begin PBXGroup section */
		186BFC3A241A7FDE0035A0DF = {
			isa = PBXGroup;
			children = (
				186BFC45241A7FDE0035A0DF /* CoachTimer */,
				186BFC44241A7FDE0035A0DF /* Products */,
			);
			sourceTree = "<group>";
		};
		186BFC44241A7FDE0035A0DF /* Products */ = {
			isa = PBXGroup;
			children = (
				186BFC43241A7FDE0035A0DF /* CoachTimer.app */,
			);
			name = Products;
			sourceTree = "<group>";
		};
		186BFC45241A7FDE0035A0DF /* CoachTimer */ = {
			isa = PBXGroup;
			children = (
				186BFC46241A7FDE0035A0DF /* AppDelegate.swift */,
				186BFC48241A7FDE0035A0DF /* SceneDelegate.swift */,
				186BFC4A241A7FDE0035A0DF /* ContentView.swift */,
				1876271824292DE2001470D9 /* savedView.swift */,
				1876271C24293242001470D9 /* savedDetail.swift */,
				183223F124294F2E0015BA3D /* RunDetail.swift */,
				186BFC5A241A7FFE0035A0DF /* SwimmerView.swift */,
				186EDD2B2424207F00D4D4BC /* SwimmerDetail.swift */,
				1813DA2B241E40C600688BAE /* Swim.swift */,
				186BFC4C241A7FE00035A0DF /* Assets.xcassets */,
				186BFC51241A7FE00035A0DF /* LaunchScreen.storyboard */,
				186BFC54241A7FE00035A0DF /* Info.plist */,
				186BFC4E241A7FE00035A0DF /* Preview Content */,
			);
			path = CoachTimer;
			sourceTree = "<group>";
		};
		186BFC4E241A7FE00035A0DF /* Preview Content */ = {
			isa = PBXGroup;
			children = (
				186BFC4F241A7FE00035A0DF /* Preview Assets.xcassets */,
			);
			path = "Preview Content";
			sourceTree = "<group>";
		};
/* End PBXGroup section */

/* Begin PBXNativeTarget section */
		186BFC42241A7FDE0035A0DF /* CoachTimer */ = {
			isa = PBXNativeTarget;
			buildConfigurationList = 186BFC57241A7FE00035A0DF /* Build configuration list for PBXNativeTarget "CoachTimer" */;
			buildPhases = (
				186BFC3F241A7FDE0035A0DF /* Sources */,
				186BFC40241A7FDE0035A0DF /* Frameworks */,
				186BFC41241A7FDE0035A0DF /* Resources */,
			);
			buildRules = (
			);
			dependencies = (
			);
			name = CoachTimer;
			productName = CoachTimer;
			productReference = 186BFC43241A7FDE0035A0DF /* CoachTimer.app */;
			productType = "com.apple.product-type.application";
		};
/* End PBXNativeTarget section */

/* Begin PBXProject section */
		186BFC3B241A7FDE0035A0DF /* Project object */ = {
			isa = PBXProject;
			attributes = {
				LastSwiftUpdateCheck = 1130;
				LastUpgradeCheck = 1130;
				ORGANIZATIONNAME = "Sven Iffland";
				TargetAttributes = {
					186BFC42241A7FDE0035A0DF = {
						CreatedOnToolsVersion = 11.3.1;
					};
				};
			};
			buildConfigurationList = 186BFC3E241A7FDE0035A0DF /* Build configuration list for PBXProject "CoachTimer" */;
			compatibilityVersion = "Xcode 9.3";
			developmentRegion = en;
			hasScannedForEncodings = 0;
			knownRegions = (
				en,
				Base,
			);
			mainGroup = 186BFC3A241A7FDE0035A0DF;
			productRefGroup = 186BFC44241A7FDE0035A0DF /* Products */;
			projectDirPath = "";
			projectRoot = "";
			targets = (
				186BFC42241A7FDE0035A0DF /* CoachTimer */,
			);
		};
/* End PBXProject section */

/* Begin PBXResourcesBuildPhase section */
		186BFC41241A7FDE0035A0DF /* Resources */ = {
			isa = PBXResourcesBuildPhase;
			buildActionMask = 2147483647;
			files = (
				186BFC53241A7FE00035A0DF /* LaunchScreen.storyboard in Resources */,
				186BFC50241A7FE00035A0DF /* Preview Assets.xcassets in Resources */,
				186BFC4D241A7FE00035A0DF /* Assets.xcassets in Resources */,
			);
			runOnlyForDeploymentPostprocessing = 0;
		};
/* End PBXResourcesBuildPhase section */

/* Begin PBXSourcesBuildPhase section */
		186BFC3F241A7FDE0035A0DF /* Sources */ = {
			isa = PBXSourcesBuildPhase;
			buildActionMask = 2147483647;
			files = (
				1813DA2C241E40C600688BAE /* Swim.swift in Sources */,
				183223F224294F2E0015BA3D /* RunDetail.swift in Sources */,
				186BFC47241A7FDE0035A0DF /* AppDelegate.swift in Sources */,
				1876271924292DE2001470D9 /* savedView.swift in Sources */,
				186BFC49241A7FDE0035A0DF /* SceneDelegate.swift in Sources */,
				1876271D24293242001470D9 /* savedDetail.swift in Sources */,
				186BFC5B241A7FFE0035A0DF /* SwimmerView.swift in Sources */,
				186BFC4B241A7FDE0035A0DF /* ContentView.swift in Sources */,
				186EDD2C2424208000D4D4BC /* SwimmerDetail.swift in Sources */,
			);
			runOnlyForDeploymentPostprocessing = 0;
		};
/* End PBXSourcesBuildPhase section */

/* Begin PBXVariantGroup section */
		186BFC51241A7FE00035A0DF /* LaunchScreen.storyboard */ = {
			isa = PBXVariantGroup;
			children = (
				186BFC52241A7FE00035A0DF /* Base */,
			);
			name = LaunchScreen.storyboard;
			sourceTree = "<group>";
		};
/* End PBXVariantGroup section */

/* Begin XCBuildConfiguration section */
		186BFC55241A7FE00035A0DF /* Debug */ = {
			isa = XCBuildConfiguration;
			buildSettings = {
				ALWAYS_SEARCH_USER_PATHS = NO;
				CLANG_ANALYZER_NONNULL = YES;
				CLANG_ANALYZER_NUMBER_OBJECT_CONVERSION = YES_AGGRESSIVE;
				CLANG_CXX_LANGUAGE_STANDARD = "gnu++14";
				CLANG_CXX_LIBRARY = "libc++";
				CLANG_ENABLE_MODULES = YES;
				CLANG_ENABLE_OBJC_ARC = YES;
				CLANG_ENABLE_OBJC_WEAK = YES;
				CLANG_WARN_BLOCK_CAPTURE_AUTORELEASING = YES;
				CLANG_WARN_BOOL_CONVERSION = YES;
				CLANG_WARN_COMMA = YES;
				CLANG_WARN_CONSTANT_CONVERSION = YES;
				CLANG_WARN_DEPRECATED_OBJC_IMPLEMENTATIONS = YES;
				CLANG_WARN_DIRECT_OBJC_ISA_USAGE = YES_ERROR;
				CLANG_WARN_DOCUMENTATION_COMMENTS = YES;
				CLANG_WARN_EMPTY_BODY = YES;
				CLANG_WARN_ENUM_CONVERSION = YES;
				CLANG_WARN_INFINITE_RECURSION = YES;
				CLANG_WARN_INT_CONVERSION = YES;
				CLANG_WARN_NON_LITERAL_NULL_CONVERSION = YES;
				CLANG_WARN_OBJC_IMPLICIT_RETAIN_SELF = YES;
				CLANG_WARN_OBJC_LITERAL_CONVERSION = YES;
				CLANG_WARN_OBJC_ROOT_CLASS = YES_ERROR;
				CLANG_WARN_RANGE_LOOP_ANALYSIS = YES;
				CLANG_WARN_STRICT_PROTOTYPES = YES;
				CLANG_WARN_SUSPICIOUS_MOVE = YES;
				CLANG_WARN_UNGUARDED_AVAILABILITY = YES_AGGRESSIVE;
				CLANG_WARN_UNREACHABLE_CODE = YES;
				CLANG_WARN__DUPLICATE_METHOD_MATCH = YES;
				COPY_PHASE_STRIP = NO;
				DEBUG_INFORMATION_FORMAT = dwarf;
				ENABLE_STRICT_OBJC_MSGSEND = YES;
				ENABLE_TESTABILITY = YES;
				GCC_C_LANGUAGE_STANDARD = gnu11;
				GCC_DYNAMIC_NO_PIC = NO;
				GCC_NO_COMMON_BLOCKS = YES;
				GCC_OPTIMIZATION_LEVEL = 0;
				GCC_PREPROCESSOR_DEFINITIONS = (
					"DEBUG=1",
					"$(inherited)",
				);
				GCC_WARN_64_TO_32_BIT_CONVERSION = YES;
				GCC_WARN_ABOUT_RETURN_TYPE = YES_ERROR;
				GCC_WARN_UNDECLARED_SELECTOR = YES;
				GCC_WARN_UNINITIALIZED_AUTOS = YES_AGGRESSIVE;
				GCC_WARN_UNUSED_FUNCTION = YES;
				GCC_WARN_UNUSED_VARIABLE = YES;
				IPHONEOS_DEPLOYMENT_TARGET = 13.4;
				MTL_ENABLE_DEBUG_INFO = INCLUDE_SOURCE;
				MTL_FAST_MATH = YES;
				ONLY_ACTIVE_ARCH = YES;
				SDKROOT = iphoneos;
				SWIFT_ACTIVE_COMPILATION_CONDITIONS = DEBUG;
				SWIFT_OPTIMIZATION_LEVEL = "-Onone";
			};
			name = Debug;
		};
		186BFC56241A7FE00035A0DF /* Release */ = {
			isa = XCBuildConfiguration;
			buildSettings = {
				ALWAYS_SEARCH_USER_PATHS = NO;
				CLANG_ANALYZER_NONNULL = YES;
				CLANG_ANALYZER_NUMBER_OBJECT_CONVERSION = YES_AGGRESSIVE;
				CLANG_CXX_LANGUAGE_STANDARD = "gnu++14";
				CLANG_CXX_LIBRARY = "libc++";
				CLANG_ENABLE_MODULES = YES;
				CLANG_ENABLE_OBJC_ARC = YES;
				CLANG_ENABLE_OBJC_WEAK = YES;
				CLANG_WARN_BLOCK_CAPTURE_AUTORELEASING = YES;
				CLANG_WARN_BOOL_CONVERSION = YES;
				CLANG_WARN_COMMA = YES;
				CLANG_WARN_CONSTANT_CONVERSION = YES;
				CLANG_WARN_DEPRECATED_OBJC_IMPLEMENTATIONS = YES;
				CLANG_WARN_DIRECT_OBJC_ISA_USAGE = YES_ERROR;
				CLANG_WARN_DOCUMENTATION_COMMENTS = YES;
				CLANG_WARN_EMPTY_BODY = YES;
				CLANG_WARN_ENUM_CONVERSION = YES;
				CLANG_WARN_INFINITE_RECURSION = YES;
				CLANG_WARN_INT_CONVERSION = YES;
				CLANG_WARN_NON_LITERAL_NULL_CONVERSION = YES;
				CLANG_WARN_OBJC_IMPLICIT_RETAIN_SELF = YES;
				CLANG_WARN_OBJC_LITERAL_CONVERSION = YES;
				CLANG_WARN_OBJC_ROOT_CLASS = YES_ERROR;
				CLANG_WARN_RANGE_LOOP_ANALYSIS = YES;
				CLANG_WARN_STRICT_PROTOTYPES = YES;
				CLANG_WARN_SUSPICIOUS_MOVE = YES;
				CLANG_WARN_UNGUARDED_AVAILABILITY = YES_AGGRESSIVE;
				CLANG_WARN_UNREACHABLE_CODE = YES;
				CLANG_WARN__DUPLICATE_METHOD_MATCH = YES;
				COPY_PHASE_STRIP = NO;
				DEBUG_INFORMATION_FORMAT = "dwarf-with-dsym";
				ENABLE_NS_ASSERTIONS = NO;
				ENABLE_STRICT_OBJC_MSGSEND = YES;
				GCC_C_LANGUAGE_STANDARD = gnu11;
				GCC_NO_COMMON_BLOCKS = YES;
				GCC_WARN_64_TO_32_BIT_CONVERSION = YES;
				GCC_WARN_ABOUT_RETURN_TYPE = YES_ERROR;
				GCC_WARN_UNDECLARED_SELECTOR = YES;
				GCC_WARN_UNINITIALIZED_AUTOS = YES_AGGRESSIVE;
				GCC_WARN_UNUSED_FUNCTION = YES;
				GCC_WARN_UNUSED_VARIABLE = YES;
				IPHONEOS_DEPLOYMENT_TARGET = 13.4;
				MTL_ENABLE_DEBUG_INFO = NO;
				MTL_FAST_MATH = YES;
				SDKROOT = iphoneos;
				SWIFT_COMPILATION_MODE = wholemodule;
				SWIFT_OPTIMIZATION_LEVEL = "-O";
				VALIDATE_PRODUCT = YES;
			};
			name = Release;
		};
		186BFC58241A7FE00035A0DF /* Debug */ = {
			isa = XCBuildConfiguration;
			buildSettings = {
				ASSETCATALOG_COMPILER_APPICON_NAME = AppIcon;
				CODE_SIGN_ENTITLEMENTS = CoachTimer/CoachTimer.entitlements;
				"CODE_SIGN_IDENTITY[sdk=macosx*]" = "Apple Development";
				CODE_SIGN_STYLE = Automatic;
				DEVELOPMENT_ASSET_PATHS = "\"CoachTimer/Preview Content\"";
				DEVELOPMENT_TEAM = 8K2ZZF7H6F;
				ENABLE_PREVIEWS = YES;
				INFOPLIST_FILE = CoachTimer/Info.plist;
				LD_RUNPATH_SEARCH_PATHS = (
					"$(inherited)",
					"@executable_path/Frameworks",
				);
				PRODUCT_BUNDLE_IDENTIFIER = tri.CoachTimer;
				PRODUCT_NAME = "$(TARGET_NAME)";
				SUPPORTS_MACCATALYST = NO;
				SWIFT_VERSION = 5.0;
				TARGETED_DEVICE_FAMILY = 1;
			};
			name = Debug;
		};
		186BFC59241A7FE00035A0DF /* Release */ = {
			isa = XCBuildConfiguration;
			buildSettings = {
				ASSETCATALOG_COMPILER_APPICON_NAME = AppIcon;
				CODE_SIGN_ENTITLEMENTS = CoachTimer/CoachTimer.entitlements;
				"CODE_SIGN_IDENTITY[sdk=macosx*]" = "Apple Development";
				CODE_SIGN_STYLE = Automatic;
				DEVELOPMENT_ASSET_PATHS = "\"CoachTimer/Preview Content\"";
				DEVELOPMENT_TEAM = 8K2ZZF7H6F;
				ENABLE_PREVIEWS = YES;
				INFOPLIST_FILE = CoachTimer/Info.plist;
				LD_RUNPATH_SEARCH_PATHS = (
					"$(inherited)",
					"@executable_path/Frameworks",
				);
				PRODUCT_BUNDLE_IDENTIFIER = tri.CoachTimer;
				PRODUCT_NAME = "$(TARGET_NAME)";
				SUPPORTS_MACCATALYST = NO;
				SWIFT_VERSION = 5.0;
				TARGETED_DEVICE_FAMILY = 1;
			};
			name = Release;
		};
/* End XCBuildConfiguration section */

/* Begin XCConfigurationList section */
		186BFC3E241A7FDE0035A0DF /* Build configuration list for PBXProject "CoachTimer" */ = {
			isa = XCConfigurationList;
			buildConfigurations = (
				186BFC55241A7FE00035A0DF /* Debug */,
				186BFC56241A7FE00035A0DF /* Release */,
			);
			defaultConfigurationIsVisible = 0;
			defaultConfigurationName = Release;
		};
		186BFC57241A7FE00035A0DF /* Build configuration list for PBXNativeTarget "CoachTimer" */ = {
			isa = XCConfigurationList;
			buildConfigurations = (
				186BFC58241A7FE00035A0DF /* Debug */,
				186BFC59241A7FE00035A0DF /* Release */,
			);
			defaultConfigurationIsVisible = 0;
			defaultConfigurationName = Release;
		};
/* End XCConfigurationList section */
	};
	rootObject = 186BFC3B241A7FDE0035A0DF /* Project object */;
}
